<?xml version="1.0" encoding="utf-8"?>
<Project ToolsVersion="4.0" xmlns="http://schemas.microsoft.com/developer/msbuild/2003">
  <ItemGroup>
    <ClCompile Include="src\main.cpp" />
    <ClCompile Include="src\core\window\window.cpp" />
    <ClCompile Include="contrib\glad\src\glad.cpp" />
    <ClCompile Include="src\utils\utils.cpp" />
    <ClCompile Include="src\core\graphics\graphics.cpp" />
    <ClCompile Include="src\core\input\input.cpp" />
    <ClCompile Include="src\core\model\mesh.cpp" />
    <ClCompile Include="src\core\model\model.cpp" />
  </ItemGroup>
  <ItemGroup>
    <None Include="AUTHORS.md" />
    <None Include="CHANGELOG.md" />
    <None Include="LICENSE" />
    <None Include="README.md" />
    <None Include="data\shaders\cube.vert" />
    <None Include="data\shaders\cube.frag" />
    <None Include="assimp-vc143-mt.dll" />
    <None Include="data\models\cube\cube.mtl" />
    <None Include="data\models\cube\cube.obj" />
  </ItemGroup>
  <ItemGroup>
    <ClInclude Include="src\main.hpp" />
    <ClInclude Include="src\core\window\window.hpp" />
    <ClInclude Include="src\utils\utils.hpp" />
    <ClInclude Include="src\core\graphics\graphics.hpp" />
    <ClInclude Include="src\core\camera\camera.hpp" />
    <ClInclude Include="src\core\input\input.hpp" />
    <ClInclude Include="src\core\model\mesh.hpp" />
    <ClInclude Include="src\core\model\model.hpp" />
  </ItemGroup>
  <ItemGroup>
    <Image Include="data\textures\PixelLogo.png" />
    <Image Include="data\models\cube\CubeDiffuse.png" />
  </ItemGroup>
</Project>